
Microsoft Visual Studio Solution File, Format Version 12.00
# Visual Studio Version 17
VisualStudioVersion = 17.3.32825.248
MinimumVisualStudioVersion = 10.0.40219.1
Project("{FAE04EC0-301F-11D3-BF4B-00C04F79EFBC}") = "Calculator for 5 grader", "Calculator for 5 grader.csproj", "{1DCA732B-2002-448A-9BE5-3EBB60197A78}"
EndProject
Global
	GlobalSection(SolutionConfigurationPlatforms) = preSolution
		Debug|Any CPU = Debug|Any CPU
		Release|Any CPU = Release|Any CPU
	EndGlobalSection
	GlobalSection(ProjectConfigurationPlatforms) = postSolution
		{1DCA732B-2002-448A-9BE5-3EBB60197A78}.Debug|Any CPU.ActiveCfg = Debug|Any CPU
		{1DCA732B-2002-448A-9BE5-3EBB60197A78}.Debug|Any CPU.Build.0 = Debug|Any CPU
		{1DCA732B-2002-448A-9BE5-3EBB60197A78}.Release|Any CPU.ActiveCfg = Release|Any CPU
		{1DCA732B-2002-448A-9BE5-3EBB60197A78}.Release|Any CPU.Build.0 = Release|Any CPU
	EndGlobalSection
	GlobalSection(SolutionProperties) = preSolution
		HideSolutionNode = FALSE
	EndGlobalSection
	GlobalSection(ExtensibilityGlobals) = postSolution
		SolutionGuid = {E72339A7-B2B1-425B-AB0B-6D3493DEE21C}
	EndGlobalSection
EndGlobal
